
Microsoft Visual Studio Solution File, Format Version 12.00
# Visual Studio Version 16
VisualStudioVersion = 16.0.32002.261
MinimumVisualStudioVersion = 10.0.40219.1
Project("{8BC9CEB8-8B4A-11D0-8D11-00A0C91BC942}") = "Borovik_App", "Borovik_App\Borovik_App.vcxproj", "{A2D9D483-70E5-49F2-853E-FD633E2DF7CB}"
EndProject
Project("{8BC9CEB8-8B4A-11D0-8D11-00A0C91BC942}") = "Borovik_lib", "Borovik_Lib\Borovik_lib.vcxproj", "{54B50B47-D1FB-4E56-8CA7-453B53D00192}"
EndProject
Global
	GlobalSection(SolutionConfigurationPlatforms) = preSolution
		Debug|x64 = Debug|x64
		Debug|x86 = Debug|x86
		Release|x64 = Release|x64
		Release|x86 = Release|x86
	EndGlobalSection
	GlobalSection(ProjectConfigurationPlatforms) = postSolution
		{A2D9D483-70E5-49F2-853E-FD633E2DF7CB}.Debug|x64.ActiveCfg = Debug|x64
		{A2D9D483-70E5-49F2-853E-FD633E2DF7CB}.Debug|x64.Build.0 = Debug|x64
		{A2D9D483-70E5-49F2-853E-FD633E2DF7CB}.Debug|x86.ActiveCfg = Debug|Win32
		{A2D9D483-70E5-49F2-853E-FD633E2DF7CB}.Debug|x86.Build.0 = Debug|Win32
		{A2D9D483-70E5-49F2-853E-FD633E2DF7CB}.Release|x64.ActiveCfg = Release|x64
		{A2D9D483-70E5-49F2-853E-FD633E2DF7CB}.Release|x64.Build.0 = Release|x64
		{A2D9D483-70E5-49F2-853E-FD633E2DF7CB}.Release|x86.ActiveCfg = Release|Win32
		{A2D9D483-70E5-49F2-853E-FD633E2DF7CB}.Release|x86.Build.0 = Release|Win32
		{54B50B47-D1FB-4E56-8CA7-453B53D00192}.Debug|x64.ActiveCfg = Debug|x64
		{54B50B47-D1FB-4E56-8CA7-453B53D00192}.Debug|x64.Build.0 = Debug|x64
		{54B50B47-D1FB-4E56-8CA7-453B53D00192}.Debug|x86.ActiveCfg = Debug|Win32
		{54B50B47-D1FB-4E56-8CA7-453B53D00192}.Debug|x86.Build.0 = Debug|Win32
		{54B50B47-D1FB-4E56-8CA7-453B53D00192}.Release|x64.ActiveCfg = Release|x64
		{54B50B47-D1FB-4E56-8CA7-453B53D00192}.Release|x64.Build.0 = Release|x64
		{54B50B47-D1FB-4E56-8CA7-453B53D00192}.Release|x86.ActiveCfg = Release|Win32
		{54B50B47-D1FB-4E56-8CA7-453B53D00192}.Release|x86.Build.0 = Release|Win32
	EndGlobalSection
	GlobalSection(SolutionProperties) = preSolution
		HideSolutionNode = FALSE
	EndGlobalSection
	GlobalSection(ExtensibilityGlobals) = postSolution
		SolutionGuid = {0147F71E-EFCB-4EE7-BB93-6CCD871185B1}
	EndGlobalSection
EndGlobal
